
Microsoft Visual Studio Solution File, Format Version 12.00
# Visual Studio 15
VisualStudioVersion = 15.0.27703.2042
MinimumVisualStudioVersion = 10.0.40219.1
Project("{FAE04EC0-301F-11D3-BF4B-00C04F79EFBC}") = "MainDemo", "MainDemo\MainDemo.csproj", "{15D2E8F5-DDA3-41A7-86E2-97EC489DB588}"
EndProject
Project("{FAE04EC0-301F-11D3-BF4B-00C04F79EFBC}") = "Logger", "Logger\Logger.csproj", "{2F4D6395-C3BA-43E0-98F1-FEC5B2275924}"
EndProject
Project("{2150E333-8FDC-42A3-9474-1A3956D46DE8}") = "DataStructures", "DataStructures", "{ECDA2195-67E6-4F55-A742-7B830B4A251E}"
EndProject
Project("{FAE04EC0-301F-11D3-BF4B-00C04F79EFBC}") = "DataStructures", "DataStructures\DataStructures.csproj", "{F54D4FBD-57BF-4D7C-8AD9-F6482C21FEA3}"
EndProject
Project("{FAE04EC0-301F-11D3-BF4B-00C04F79EFBC}") = "DSOperations", "DSOperations\DSOperations.csproj", "{79A9C09A-0D2F-42A7-B053-D54FCCB6D507}"
EndProject
Project("{2150E333-8FDC-42A3-9474-1A3956D46DE8}") = "Puzzles", "Puzzles", "{77C4F436-BB9E-4BBD-B04F-7097AC821BD1}"
EndProject
Project("{FAE04EC0-301F-11D3-BF4B-00C04F79EFBC}") = "Puzzles", "Puzzles\Puzzles.csproj", "{C31A5346-69A7-4732-9B64-F828B9F621C9}"
EndProject
Project("{FAE04EC0-301F-11D3-BF4B-00C04F79EFBC}") = "MatrixOperations", "MatrixOperations\MatrixOperations.csproj", "{731E4EFD-507B-4CAE-8EE5-E35959A33B77}"
EndProject
Project("{2150E333-8FDC-42A3-9474-1A3956D46DE8}") = "Maths", "Maths", "{889FFCC6-80F7-45C9-BDA8-49562C98BD2B}"
EndProject
Project("{FAE04EC0-301F-11D3-BF4B-00C04F79EFBC}") = "Maths", "Maths\Maths.csproj", "{4082A27A-0E46-4FE5-8E44-30C0F37291CE}"
EndProject
Project("{2150E333-8FDC-42A3-9474-1A3956D46DE8}") = "Games", "Games", "{B5D42CFD-F053-474E-9D73-5891A9BA8EE7}"
EndProject
Project("{FAE04EC0-301F-11D3-BF4B-00C04F79EFBC}") = "Chess", "Chess\Chess.csproj", "{EA4BB54D-7F62-4D02-B596-F6C7FE2F7325}"
EndProject
Global
	GlobalSection(SolutionConfigurationPlatforms) = preSolution
		Debug|Any CPU = Debug|Any CPU
		Release|Any CPU = Release|Any CPU
	EndGlobalSection
	GlobalSection(ProjectConfigurationPlatforms) = postSolution
		{15D2E8F5-DDA3-41A7-86E2-97EC489DB588}.Debug|Any CPU.ActiveCfg = Debug|Any CPU
		{15D2E8F5-DDA3-41A7-86E2-97EC489DB588}.Debug|Any CPU.Build.0 = Debug|Any CPU
		{15D2E8F5-DDA3-41A7-86E2-97EC489DB588}.Release|Any CPU.ActiveCfg = Release|Any CPU
		{15D2E8F5-DDA3-41A7-86E2-97EC489DB588}.Release|Any CPU.Build.0 = Release|Any CPU
		{2F4D6395-C3BA-43E0-98F1-FEC5B2275924}.Debug|Any CPU.ActiveCfg = Debug|Any CPU
		{2F4D6395-C3BA-43E0-98F1-FEC5B2275924}.Debug|Any CPU.Build.0 = Debug|Any CPU
		{2F4D6395-C3BA-43E0-98F1-FEC5B2275924}.Release|Any CPU.ActiveCfg = Release|Any CPU
		{2F4D6395-C3BA-43E0-98F1-FEC5B2275924}.Release|Any CPU.Build.0 = Release|Any CPU
		{F54D4FBD-57BF-4D7C-8AD9-F6482C21FEA3}.Debug|Any CPU.ActiveCfg = Debug|Any CPU
		{F54D4FBD-57BF-4D7C-8AD9-F6482C21FEA3}.Debug|Any CPU.Build.0 = Debug|Any CPU
		{F54D4FBD-57BF-4D7C-8AD9-F6482C21FEA3}.Release|Any CPU.ActiveCfg = Release|Any CPU
		{F54D4FBD-57BF-4D7C-8AD9-F6482C21FEA3}.Release|Any CPU.Build.0 = Release|Any CPU
		{79A9C09A-0D2F-42A7-B053-D54FCCB6D507}.Debug|Any CPU.ActiveCfg = Debug|Any CPU
		{79A9C09A-0D2F-42A7-B053-D54FCCB6D507}.Debug|Any CPU.Build.0 = Debug|Any CPU
		{79A9C09A-0D2F-42A7-B053-D54FCCB6D507}.Release|Any CPU.ActiveCfg = Release|Any CPU
		{79A9C09A-0D2F-42A7-B053-D54FCCB6D507}.Release|Any CPU.Build.0 = Release|Any CPU
		{C31A5346-69A7-4732-9B64-F828B9F621C9}.Debug|Any CPU.ActiveCfg = Debug|Any CPU
		{C31A5346-69A7-4732-9B64-F828B9F621C9}.Debug|Any CPU.Build.0 = Debug|Any CPU
		{C31A5346-69A7-4732-9B64-F828B9F621C9}.Release|Any CPU.ActiveCfg = Release|Any CPU
		{C31A5346-69A7-4732-9B64-F828B9F621C9}.Release|Any CPU.Build.0 = Release|Any CPU
		{731E4EFD-507B-4CAE-8EE5-E35959A33B77}.Debug|Any CPU.ActiveCfg = Debug|Any CPU
		{731E4EFD-507B-4CAE-8EE5-E35959A33B77}.Debug|Any CPU.Build.0 = Debug|Any CPU
		{731E4EFD-507B-4CAE-8EE5-E35959A33B77}.Release|Any CPU.ActiveCfg = Release|Any CPU
		{731E4EFD-507B-4CAE-8EE5-E35959A33B77}.Release|Any CPU.Build.0 = Release|Any CPU
		{4082A27A-0E46-4FE5-8E44-30C0F37291CE}.Debug|Any CPU.ActiveCfg = Debug|Any CPU
		{4082A27A-0E46-4FE5-8E44-30C0F37291CE}.Debug|Any CPU.Build.0 = Debug|Any CPU
		{4082A27A-0E46-4FE5-8E44-30C0F37291CE}.Release|Any CPU.ActiveCfg = Release|Any CPU
		{4082A27A-0E46-4FE5-8E44-30C0F37291CE}.Release|Any CPU.Build.0 = Release|Any CPU
		{EA4BB54D-7F62-4D02-B596-F6C7FE2F7325}.Debug|Any CPU.ActiveCfg = Debug|Any CPU
		{EA4BB54D-7F62-4D02-B596-F6C7FE2F7325}.Debug|Any CPU.Build.0 = Debug|Any CPU
		{EA4BB54D-7F62-4D02-B596-F6C7FE2F7325}.Release|Any CPU.ActiveCfg = Release|Any CPU
		{EA4BB54D-7F62-4D02-B596-F6C7FE2F7325}.Release|Any CPU.Build.0 = Release|Any CPU
	EndGlobalSection
	GlobalSection(SolutionProperties) = preSolution
		HideSolutionNode = FALSE
	EndGlobalSection
	GlobalSection(NestedProjects) = preSolution
		{F54D4FBD-57BF-4D7C-8AD9-F6482C21FEA3} = {ECDA2195-67E6-4F55-A742-7B830B4A251E}
		{79A9C09A-0D2F-42A7-B053-D54FCCB6D507} = {ECDA2195-67E6-4F55-A742-7B830B4A251E}
		{C31A5346-69A7-4732-9B64-F828B9F621C9} = {77C4F436-BB9E-4BBD-B04F-7097AC821BD1}
		{731E4EFD-507B-4CAE-8EE5-E35959A33B77} = {ECDA2195-67E6-4F55-A742-7B830B4A251E}
		{4082A27A-0E46-4FE5-8E44-30C0F37291CE} = {889FFCC6-80F7-45C9-BDA8-49562C98BD2B}
		{EA4BB54D-7F62-4D02-B596-F6C7FE2F7325} = {B5D42CFD-F053-474E-9D73-5891A9BA8EE7}
	EndGlobalSection
	GlobalSection(ExtensibilityGlobals) = postSolution
		SolutionGuid = {68B27CB7-EEF8-4A89-9135-34C8282AD6A2}
	EndGlobalSection
EndGlobal
